
Microsoft Visual Studio Solution File, Format Version 12.00
# Visual Studio Version 17
VisualStudioVersion = 17.8.34309.116
MinimumVisualStudioVersion = 10.0.40219.1
Project("{FAE04EC0-301F-11D3-BF4B-00C04F79EFBC}") = "Sueldo neto de un empleado", "Sueldo neto de un empleado.csproj", "{8622733E-5DBA-40AF-9DED-997887D9A50C}"
EndProject
Global
	GlobalSection(SolutionConfigurationPlatforms) = preSolution
		Debug|Any CPU = Debug|Any CPU
		Release|Any CPU = Release|Any CPU
	EndGlobalSection
	GlobalSection(ProjectConfigurationPlatforms) = postSolution
		{8622733E-5DBA-40AF-9DED-997887D9A50C}.Debug|Any CPU.ActiveCfg = Debug|Any CPU
		{8622733E-5DBA-40AF-9DED-997887D9A50C}.Debug|Any CPU.Build.0 = Debug|Any CPU
		{8622733E-5DBA-40AF-9DED-997887D9A50C}.Release|Any CPU.ActiveCfg = Release|Any CPU
		{8622733E-5DBA-40AF-9DED-997887D9A50C}.Release|Any CPU.Build.0 = Release|Any CPU
	EndGlobalSection
	GlobalSection(SolutionProperties) = preSolution
		HideSolutionNode = FALSE
	EndGlobalSection
	GlobalSection(ExtensibilityGlobals) = postSolution
		SolutionGuid = {D392D2F3-EFC4-46A9-8920-8BB699358646}
	EndGlobalSection
EndGlobal
